{
  "name": "ticket-log-bot",
  "version": "1.0.0",
  "lockfileVersion": 3,
  "requires": true,
  "packages": {
    "": {
      "name": "ticket-log-bot",
      "version": "1.0.0",
      "license": "ISC",
      "dependencies": {
        "discord.js": "^14.13.0"
      }
    },
    "node_modules/@discordjs/builders": {
      "version": "1.8.0",
      "resolved": "https://registry.npmjs.org/@discordjs/builders/-/builders-1.8.0.tgz",
      "integrity": "sha512-...",
      "dependencies": {}
    },
    "node_modules/@discordjs/rest": {
      "version": "1.11.0",
      "resolved": "https://registry.npmjs.org/@discordjs/rest/-/rest-1.11.0.tgz",
      "integrity": "sha512-...",
      "dependencies": {}
    },
    "node_modules/@discordjs/voice": {
      "version": "0.16.0",
      "resolved": "https://registry.npmjs.org/@discordjs/voice/-/voice-0.16.0.tgz",
      "integrity": "sha512-...",
      "dependencies": {}
    },
    "node_modules/ws": {
      "version": "8.13.0",
      "resolved": "https://registry.npmjs.org/ws/-/ws-8.13.0.tgz",
      "integrity": "sha512-...",
      "dependencies": {}
    },
    "node_modules/discord.js": {
      "version": "14.13.0",
      "resolved": "https://registry.npmjs.org/discord.js/-/discord.js-14.13.0.tgz",
      "integrity": "sha512-...",
      "dependencies": {
        "@discordjs/builders": "^1.8.0",
        "@discordjs/rest": "^1.11.0",
        "@discordjs/voice": "^0.16.0",
        "ws": "^8.13.0"
      }
    }
  }
}